github.com/fastly/compute-sdk-go v0.2.0 h1:jSzWhtKSbSvoqrpOnBcQEPxf85ED29VWruTqLZgAulE=
github.com/fastly/compute-sdk-go v0.2.0/go.mod h1:FkuTq3OC+czAQOonII04YhiVjfBtMXOuv3hiHjXjHlE=
github.com/fastly/compute-sdk-go v1.3.0 h1:oPEiwQyP1Z7f9rg2vhNnYnThtm/BmXbQ9oIM8xb8wjU=
github.com/fastly/compute-sdk-go v1.3.0/go.mod h1:AdOwbVc56tusuDLtufaO57NIzfoox4bgvRc460B/T8o=
